# Create a config sync status file
cat > .config-sync-status << EOF
Configuration Sync Status
========================
Date: $(date)
User: $USER

All configuration files have been synchronized across:
- wordpress-plugin-enhanced/
- enhanced-plugin/
- ollama-chat-widget-hostinger/wordpress-plugin-enhanced/

Master configurations used:
- webpack.config.js: from enhanced-plugin (better dev/prod handling)
- tailwind.config.js: from wordpress-plugin-enhanced (includes animations)
- tsconfig.json: from enhanced-plugin (modern ES2020 target)

.env file distributed to all directories
EOF

echo "✓ Created .config-sync-status file"
cat .config-sync-status
